Microsoft Visual Studio Solution File, Format Version 12.00
# Visual Studio Version 17
VisualStudioVersion = 17.5.2.0
MinimumVisualStudioVersion = 10.0.40219.1
Project("{FAE04EC0-301F-11D3-BF4B-00C04F79EFBC}") = "Day2Task", "Day2Task\Day2Task.csproj", "{617BAA20-77FD-6253-7403-36D80142E4EE}"
EndProject
Global
	GlobalSection(SolutionConfigurationPlatforms) = preSolution
		Debug|Any CPU = Debug|Any CPU
		Release|Any CPU = Release|Any CPU
	EndGlobalSection
	GlobalSection(ProjectConfigurationPlatforms) = postSolution
		{617BAA20-77FD-6253-7403-36D80142E4EE}.Debug|Any CPU.ActiveCfg = Debug|Any CPU
		{617BAA20-77FD-6253-7403-36D80142E4EE}.Debug|Any CPU.Build.0 = Debug|Any CPU
		{617BAA20-77FD-6253-7403-36D80142E4EE}.Release|Any CPU.ActiveCfg = Release|Any CPU
		{617BAA20-77FD-6253-7403-36D80142E4EE}.Release|Any CPU.Build.0 = Release|Any CPU
	EndGlobalSection
	GlobalSection(SolutionProperties) = preSolution
		HideSolutionNode = FALSE
	EndGlobalSection
	GlobalSection(ExtensibilityGlobals) = postSolution
		SolutionGuid = {9A6C8A32-6F8A-4420-B054-5A22588CA77B}
	EndGlobalSection
EndGlobal
